dependencies:
- name: postgresql
  repository: https://charts.bitnami.com/bitnami
  version: 15.5.14
- name: cockroachdb
  repository: https://charts.cockroachdb.com/
  version: 13.0.2
digest: sha256:f7e3e455f9c5da1f8555ff0c1e7ee4077d8c6ee4831d9835454caa6d6c2f7d6d
generated: "2024-07-08T17:09:00.326177-04:00"
